// !$*UTF8*$!
{
	archiveVersion = 1;
	classes = {
	};
	objectVersion = 50;
	objects = {

/* Begin PBXBuildFile section */
		EEF007C82649E93100ECE0AC /* ConwayApp.swift in Sources */ = {isa = PBXBuildFile; fileRef = EEF007B52649E93000ECE0AC /* ConwayApp.swift */; };
		EEF007C92649E93100ECE0AC /* ConwayApp.swift in Sources */ = {isa = PBXBuildFile; fileRef = EEF007B52649E93000ECE0AC /* ConwayApp.swift */; };
		EEF007CA2649E93100ECE0AC /* ContentView.swift in Sources */ = {isa = PBXBuildFile; fileRef = EEF007B62649E93000ECE0AC /* ContentView.swift */; };
		EEF007CB2649E93100ECE0AC /* ContentView.swift in Sources */ = {isa = PBXBuildFile; fileRef = EEF007B62649E93000ECE0AC /* ContentView.swift */; };
		EEF007CC2649E93100ECE0AC /* Assets.xcassets in Resources */ = {isa = PBXBuildFile; fileRef = EEF007B72649E93100ECE0AC /* Assets.xcassets */; };
		EEF007CD2649E93100ECE0AC /* Assets.xcassets in Resources */ = {isa = PBXBuildFile; fileRef = EEF007B72649E93100ECE0AC /* Assets.xcassets */; };
/* End PBXBuildFile section */

/* Begin PBXFileReference section */
		EEF007B52649E93000ECE0AC /* ConwayApp.swift */ = {isa = PBXFileReference; lastKnownFileType = sourcecode.swift; path = ConwayApp.swift; sourceTree = "<group>"; };
		EEF007B62649E93000ECE0AC /* ContentView.swift */ = {isa = PBXFileReference; lastKnownFileType = sourcecode.swift; path = ContentView.swift; sourceTree = "<group>"; };
		EEF007B72649E93100ECE0AC /* Assets.xcassets */ = {isa = PBXFileReference; lastKnownFileType = folder.assetcatalog; path = Assets.xcassets; sourceTree = "<group>"; };
		EEF007BC2649E93100ECE0AC /* Conway.app */ = {isa = PBXFileReference; explicitFileType = wrapper.application; includeInIndex = 0; path = Conway.app; sourceTree = BUILT_PRODUCTS_DIR; };
		EEF007BF2649E93100ECE0AC /* Info.plist */ = {isa = PBXFileReference; lastKnownFileType = text.plist.xml; path = Info.plist; sourceTree = "<group>"; };
		EEF007C42649E93100ECE0AC /* Conway.app */ = {isa = PBXFileReference; explicitFileType = wrapper.application; includeInIndex = 0; path = Conway.app; sourceTree = BUILT_PRODUCTS_DIR; };
		EEF007C62649E93100ECE0AC /* Info.plist */ = {isa = PBXFileReference; lastKnownFileType = text.plist.xml; path = Info.plist; sourceTree = "<group>"; };
		EEF007C72649E93100ECE0AC /* macOS.entitlements */ = {isa = PBXFileReference; lastKnownFileType = text.plist.entitlements; path = macOS.entitlements; sourceTree = "<group>"; };
/* End PBXFileReference section */

/* Begin PBXFrameworksBuildPhase section */
		EEF007B92649E93100ECE0AC /* Frameworks */ = {
			isa = PBXFrameworksBuildPhase;
			buildActionMask = 2147483647;
			files = (
			);
			runOnlyForDeploymentPostprocessing = 0;
		};
		EEF007C12649E93100ECE0AC /* Frameworks */ = {
			isa = PBXFrameworksBuildPhase;
			buildActionMask = 2147483647;
			files = (
			);
			runOnlyForDeploymentPostprocessing = 0;
		};
/* End PBXFrameworksBuildPhase section */

/* Begin PBXGroup section */
		EEF007AF2649E92F00ECE0AC = {
			isa = PBXGroup;
			children = (
				EEF007B42649E93000ECE0AC /* Shared */,
				EEF007BE2649E93100ECE0AC /* iOS */,
				EEF007C52649E93100ECE0AC /* macOS */,
				EEF007BD2649E93100ECE0AC /* Products */,
			);
			sourceTree = "<group>";
		};
		EEF007B42649E93000ECE0AC /* Shared */ = {
			isa = PBXGroup;
			children = (
				EEF007B52649E93000ECE0AC /* ConwayApp.swift */,
				EEF007B62649E93000ECE0AC /* ContentView.swift */,
				EEF007B72649E93100ECE0AC /* Assets.xcassets */,
			);
			path = Shared;
			sourceTree = "<group>";
		};
		EEF007BD2649E93100ECE0AC /* Products */ = {
			isa = PBXGroup;
			children = (
				EEF007BC2649E93100ECE0AC /* Conway.app */,
				EEF007C42649E93100ECE0AC /* Conway.app */,
			);
			name = Products;
			sourceTree = "<group>";
		};
		EEF007BE2649E93100ECE0AC /* iOS */ = {
			isa = PBXGroup;
			children = (
				EEF007BF2649E93100ECE0AC /* Info.plist */,
			);
			path = iOS;
			sourceTree = "<group>";
		};
		EEF007C52649E93100ECE0AC /* macOS */ = {
			isa = PBXGroup;
			children = (
				EEF007C62649E93100ECE0AC /* Info.plist */,
				EEF007C72649E93100ECE0AC /* macOS.entitlements */,
			);
			path = macOS;
			sourceTree = "<group>";
		};
/* End PBXGroup section */

/* Begin PBXNativeTarget section */
		EEF007BB2649E93100ECE0AC /* Conway (iOS) */ = {
			isa = PBXNativeTarget;
			buildConfigurationList = EEF007D02649E93100ECE0AC /* Build configuration list for PBXNativeTarget "Conway (iOS)" */;
			buildPhases = (
				EEF007B82649E93100ECE0AC /* Sources */,
				EEF007B92649E93100ECE0AC /* Frameworks */,
				EEF007BA2649E93100ECE0AC /* Resources */,
			);
			buildRules = (
			);
			dependencies = (
			);
			name = "Conway (iOS)";
			productName = "Conway (iOS)";
			productReference = EEF007BC2649E93100ECE0AC /* Conway.app */;
			productType = "com.apple.product-type.application";
		};
		EEF007C32649E93100ECE0AC /* Conway (macOS) */ = {
			isa = PBXNativeTarget;
			buildConfigurationList = EEF007D32649E93100ECE0AC /* Build configuration list for PBXNativeTarget "Conway (macOS)" */;
			buildPhases = (
				EEF007C02649E93100ECE0AC /* Sources */,
				EEF007C12649E93100ECE0AC /* Frameworks */,
				EEF007C22649E93100ECE0AC /* Resources */,
			);
			buildRules = (
			);
			dependencies = (
			);
			name = "Conway (macOS)";
			productName = "Conway (macOS)";
			productReference = EEF007C42649E93100ECE0AC /* Conway.app */;
			productType = "com.apple.product-type.application";
		};
/* End PBXNativeTarget section */

/* Begin PBXProject section */
		EEF007B02649E92F00ECE0AC /* Project object */ = {
			isa = PBXProject;
			attributes = {
				LastSwiftUpdateCheck = 1250;
				LastUpgradeCheck = 1250;
				TargetAttributes = {
					EEF007BB2649E93100ECE0AC = {
						CreatedOnToolsVersion = 12.5;
					};
					EEF007C32649E93100ECE0AC = {
						CreatedOnToolsVersion = 12.5;
					};
				};
			};
			buildConfigurationList = EEF007B32649E92F00ECE0AC /* Build configuration list for PBXProject "Conway" */;
			compatibilityVersion = "Xcode 9.3";
			developmentRegion = en;
			hasScannedForEncodings = 0;
			knownRegions = (
				en,
				Base,
			);
			mainGroup = EEF007AF2649E92F00ECE0AC;
			productRefGroup = EEF007BD2649E93100ECE0AC /* Products */;
			projectDirPath = "";
			projectRoot = "";
			targets = (
				EEF007BB2649E93100ECE0AC /* Conway (iOS) */,
				EEF007C32649E93100ECE0AC /* Conway (macOS) */,
			);
		};
/* End PBXProject section */

/* Begin PBXResourcesBuildPhase section */
		EEF007BA2649E93100ECE0AC /* Resources */ = {
			isa = PBXResourcesBuildPhase;
			buildActionMask = 2147483647;
			files = (
				EEF007CC2649E93100ECE0AC /* Assets.xcassets in Resources */,
			);
			runOnlyForDeploymentPostprocessing = 0;
		};
		EEF007C22649E93100ECE0AC /* Resources */ = {
			isa = PBXResourcesBuildPhase;
			buildActionMask = 2147483647;
			files = (
				EEF007CD2649E93100ECE0AC /* Assets.xcassets in Resources */,
			);
			runOnlyForDeploymentPostprocessing = 0;
		};
/* End PBXResourcesBuildPhase section */

/* Begin PBXSourcesBuildPhase section */
		EEF007B82649E93100ECE0AC /* Sources */ = {
			isa = PBXSourcesBuildPhase;
			buildActionMask = 2147483647;
			files = (
				EEF007CA2649E93100ECE0AC /* ContentView.swift in Sources */,
				EEF007C82649E93100ECE0AC /* ConwayApp.swift in Sources */,
			);
			runOnlyForDeploymentPostprocessing = 0;
		};
		EEF007C02649E93100ECE0AC /* Sources */ = {
			isa = PBXSourcesBuildPhase;
			buildActionMask = 2147483647;
			files = (
				EEF007CB2649E93100ECE0AC /* ContentView.swift in Sources */,
				EEF007C92649E93100ECE0AC /* ConwayApp.swift in Sources */,
			);
			runOnlyForDeploymentPostprocessing = 0;
		};
/* End PBXSourcesBuildPhase section */

/* Begin XCBuildConfiguration section */
		EEF007CE2649E93100ECE0AC /* Debug */ = {
			isa = XCBuildConfiguration;
			buildSettings = {
				ALWAYS_SEARCH_USER_PATHS = NO;
				CLANG_ANALYZER_NONNULL = YES;
				CLANG_ANALYZER_NUMBER_OBJECT_CONVERSION = YES_AGGRESSIVE;
				CLANG_CXX_LANGUAGE_STANDARD = "gnu++14";
				CLANG_CXX_LIBRARY = "libc++";
				CLANG_ENABLE_MODULES = YES;
				CLANG_ENABLE_OBJC_ARC = YES;
				CLANG_ENABLE_OBJC_WEAK = YES;
				CLANG_WARN_BLOCK_CAPTURE_AUTORELEASING = YES;
				CLANG_WARN_BOOL_CONVERSION = YES;
				CLANG_WARN_COMMA = YES;
				CLANG_WARN_CONSTANT_CONVERSION = YES;
				CLANG_WARN_DEPRECATED_OBJC_IMPLEMENTATIONS = YES;
				CLANG_WARN_DIRECT_OBJC_ISA_USAGE = YES_ERROR;
				CLANG_WARN_DOCUMENTATION_COMMENTS = YES;
				CLANG_WARN_EMPTY_BODY = YES;
				CLANG_WARN_ENUM_CONVERSION = YES;
				CLANG_WARN_INFINITE_RECURSION = YES;
				CLANG_WARN_INT_CONVERSION = YES;
				CLANG_WARN_NON_LITERAL_NULL_CONVERSION = YES;
				CLANG_WARN_OBJC_IMPLICIT_RETAIN_SELF = YES;
				CLANG_WARN_OBJC_LITERAL_CONVERSION = YES;
				CLANG_WARN_OBJC_ROOT_CLASS = YES_ERROR;
				CLANG_WARN_QUOTED_INCLUDE_IN_FRAMEWORK_HEADER = YES;
				CLANG_WARN_RANGE_LOOP_ANALYSIS = YES;
				CLANG_WARN_STRICT_PROTOTYPES = YES;
				CLANG_WARN_SUSPICIOUS_MOVE = YES;
				CLANG_WARN_UNGUARDED_AVAILABILITY = YES_AGGRESSIVE;
				CLANG_WARN_UNREACHABLE_CODE = YES;
				CLANG_WARN__DUPLICATE_METHOD_MATCH = YES;
				COPY_PHASE_STRIP = NO;
				DEBUG_INFORMATION_FORMAT = dwarf;
				ENABLE_STRICT_OBJC_MSGSEND = YES;
				ENABLE_TESTABILITY = YES;
				GCC_C_LANGUAGE_STANDARD = gnu11;
				GCC_DYNAMIC_NO_PIC = NO;
				GCC_NO_COMMON_BLOCKS = YES;
				GCC_OPTIMIZATION_LEVEL = 0;
				GCC_PREPROCESSOR_DEFINITIONS = (
					"DEBUG=1",
					"$(inherited)",
				);
				GCC_WARN_64_TO_32_BIT_CONVERSION = YES;
				GCC_WARN_ABOUT_RETURN_TYPE = YES_ERROR;
				GCC_WARN_UNDECLARED_SELECTOR = YES;
				GCC_WARN_UNINITIALIZED_AUTOS = YES_AGGRESSIVE;
				GCC_WARN_UNUSED_FUNCTION = YES;
				GCC_WARN_UNUSED_VARIABLE = YES;
				MTL_ENABLE_DEBUG_INFO = INCLUDE_SOURCE;
				MTL_FAST_MATH = YES;
				ONLY_ACTIVE_ARCH = YES;
				SWIFT_ACTIVE_COMPILATION_CONDITIONS = DEBUG;
				SWIFT_OPTIMIZATION_LEVEL = "-Onone";
			};
			name = Debug;
		};
		EEF007CF2649E93100ECE0AC /* Release */ = {
			isa = XCBuildConfiguration;
			buildSettings = {
				ALWAYS_SEARCH_USER_PATHS = NO;
				CLANG_ANALYZER_NONNULL = YES;
				CLANG_ANALYZER_NUMBER_OBJECT_CONVERSION = YES_AGGRESSIVE;
				CLANG_CXX_LANGUAGE_STANDARD = "gnu++14";
				CLANG_CXX_LIBRARY = "libc++";
				CLANG_ENABLE_MODULES = YES;
				CLANG_ENABLE_OBJC_ARC = YES;
				CLANG_ENABLE_OBJC_WEAK = YES;
				CLANG_WARN_BLOCK_CAPTURE_AUTORELEASING = YES;
				CLANG_WARN_BOOL_CONVERSION = YES;
				CLANG_WARN_COMMA = YES;
				CLANG_WARN_CONSTANT_CONVERSION = YES;
				CLANG_WARN_DEPRECATED_OBJC_IMPLEMENTATIONS = YES;
				CLANG_WARN_DIRECT_OBJC_ISA_USAGE = YES_ERROR;
				CLANG_WARN_DOCUMENTATION_COMMENTS = YES;
				CLANG_WARN_EMPTY_BODY = YES;
				CLANG_WARN_ENUM_CONVERSION = YES;
				CLANG_WARN_INFINITE_RECURSION = YES;
				CLANG_WARN_INT_CONVERSION = YES;
				CLANG_WARN_NON_LITERAL_NULL_CONVERSION = YES;
				CLANG_WARN_OBJC_IMPLICIT_RETAIN_SELF = YES;
				CLANG_WARN_OBJC_LITERAL_CONVERSION = YES;
				CLANG_WARN_OBJC_ROOT_CLASS = YES_ERROR;
				CLANG_WARN_QUOTED_INCLUDE_IN_FRAMEWORK_HEADER = YES;
				CLANG_WARN_RANGE_LOOP_ANALYSIS = YES;
				CLANG_WARN_STRICT_PROTOTYPES = YES;
				CLANG_WARN_SUSPICIOUS_MOVE = YES;
				CLANG_WARN_UNGUARDED_AVAILABILITY = YES_AGGRESSIVE;
				CLANG_WARN_UNREACHABLE_CODE = YES;
				CLANG_WARN__DUPLICATE_METHOD_MATCH = YES;
				COPY_PHASE_STRIP = NO;
				DEBUG_INFORMATION_FORMAT = "dwarf-with-dsym";
				ENABLE_NS_ASSERTIONS = NO;
				ENABLE_STRICT_OBJC_MSGSEND = YES;
				GCC_C_LANGUAGE_STANDARD = gnu11;
				GCC_NO_COMMON_BLOCKS = YES;
				GCC_WARN_64_TO_32_BIT_CONVERSION = YES;
				GCC_WARN_ABOUT_RETURN_TYPE = YES_ERROR;
				GCC_WARN_UNDECLARED_SELECTOR = YES;
				GCC_WARN_UNINITIALIZED_AUTOS = YES_AGGRESSIVE;
				GCC_WARN_UNUSED_FUNCTION = YES;
				GCC_WARN_UNUSED_VARIABLE = YES;
				MTL_ENABLE_DEBUG_INFO = NO;
				MTL_FAST_MATH = YES;
				SWIFT_COMPILATION_MODE = wholemodule;
				SWIFT_OPTIMIZATION_LEVEL = "-O";
			};
			name = Release;
		};
		EEF007D12649E93100ECE0AC /* Debug */ = {
			isa = XCBuildConfiguration;
			buildSettings = {
				ASSETCATALOG_COMPILER_APPICON_NAME = AppIcon;
				ASSETCATALOG_COMPILER_GLOBAL_ACCENT_COLOR_NAME = AccentColor;
				CODE_SIGN_STYLE = Automatic;
				DEVELOPMENT_TEAM = GNTY3MYFM7;
				ENABLE_PREVIEWS = YES;
				INFOPLIST_FILE = iOS/Info.plist;
				IPHONEOS_DEPLOYMENT_TARGET = 14.0;
				LD_RUNPATH_SEARCH_PATHS = (
					"$(inherited)",
					"@executable_path/Frameworks",
				);
				PRODUCT_BUNDLE_IDENTIFIER = md.hashemi.Conway;
				PRODUCT_NAME = Conway;
				SDKROOT = iphoneos;
				SWIFT_VERSION = 5.0;
				TARGETED_DEVICE_FAMILY = "1,2";
			};
			name = Debug;
		};
		EEF007D22649E93100ECE0AC /* Release */ = {
			isa = XCBuildConfiguration;
			buildSettings = {
				ASSETCATALOG_COMPILER_APPICON_NAME = AppIcon;
				ASSETCATALOG_COMPILER_GLOBAL_ACCENT_COLOR_NAME = AccentColor;
				CODE_SIGN_STYLE = Automatic;
				DEVELOPMENT_TEAM = GNTY3MYFM7;
				ENABLE_PREVIEWS = YES;
				INFOPLIST_FILE = iOS/Info.plist;
				IPHONEOS_DEPLOYMENT_TARGET = 14.0;
				LD_RUNPATH_SEARCH_PATHS = (
					"$(inherited)",
					"@executable_path/Frameworks",
				);
				PRODUCT_BUNDLE_IDENTIFIER = md.hashemi.Conway;
				PRODUCT_NAME = Conway;
				SDKROOT = iphoneos;
				SWIFT_VERSION = 5.0;
				TARGETED_DEVICE_FAMILY = "1,2";
				VALIDATE_PRODUCT = YES;
			};
			name = Release;
		};
		EEF007D42649E93100ECE0AC /* Debug */ = {
			isa = XCBuildConfiguration;
			buildSettings = {
				ASSETCATALOG_COMPILER_APPICON_NAME = AppIcon;
				ASSETCATALOG_COMPILER_GLOBAL_ACCENT_COLOR_NAME = AccentColor;
				CODE_SIGN_ENTITLEMENTS = macOS/macOS.entitlements;
				CODE_SIGN_STYLE = Automatic;
				COMBINE_HIDPI_IMAGES = YES;
				DEVELOPMENT_TEAM = GNTY3MYFM7;
				ENABLE_HARDENED_RUNTIME = YES;
				ENABLE_PREVIEWS = YES;
				INFOPLIST_FILE = macOS/Info.plist;
				LD_RUNPATH_SEARCH_PATHS = (
					"$(inherited)",
					"@executable_path/../Frameworks",
				);
				MACOSX_DEPLOYMENT_TARGET = 11.0;
				PRODUCT_BUNDLE_IDENTIFIER = md.hashemi.Conway;
				PRODUCT_NAME = Conway;
				SDKROOT = macosx;
				SWIFT_VERSION = 5.0;
			};
			name = Debug;
		};
		EEF007D52649E93100ECE0AC /* Release */ = {
			isa = XCBuildConfiguration;
			buildSettings = {
				ASSETCATALOG_COMPILER_APPICON_NAME = AppIcon;
				ASSETCATALOG_COMPILER_GLOBAL_ACCENT_COLOR_NAME = AccentColor;
				CODE_SIGN_ENTITLEMENTS = macOS/macOS.entitlements;
				CODE_SIGN_STYLE = Automatic;
				COMBINE_HIDPI_IMAGES = YES;
				DEVELOPMENT_TEAM = GNTY3MYFM7;
				ENABLE_HARDENED_RUNTIME = YES;
				ENABLE_PREVIEWS = YES;
				INFOPLIST_FILE = macOS/Info.plist;
				LD_RUNPATH_SEARCH_PATHS = (
					"$(inherited)",
					"@executable_path/../Frameworks",
				);
				MACOSX_DEPLOYMENT_TARGET = 11.0;
				PRODUCT_BUNDLE_IDENTIFIER = md.hashemi.Conway;
				PRODUCT_NAME = Conway;
				SDKROOT = macosx;
				SWIFT_VERSION = 5.0;
			};
			name = Release;
		};
/* End XCBuildConfiguration section */

/* Begin XCConfigurationList section */
		EEF007B32649E92F00ECE0AC /* Build configuration list for PBXProject "Conway" */ = {
			isa = XCConfigurationList;
			buildConfigurations = (
				EEF007CE2649E93100ECE0AC /* Debug */,
				EEF007CF2649E93100ECE0AC /* Release */,
			);
			defaultConfigurationIsVisible = 0;
			defaultConfigurationName = Release;
		};
		EEF007D02649E93100ECE0AC /* Build configuration list for PBXNativeTarget "Conway (iOS)" */ = {
			isa = XCConfigurationList;
			buildConfigurations = (
				EEF007D12649E93100ECE0AC /* Debug */,
				EEF007D22649E93100ECE0AC /* Release */,
			);
			defaultConfigurationIsVisible = 0;
			defaultConfigurationName = Release;
		};
		EEF007D32649E93100ECE0AC /* Build configuration list for PBXNativeTarget "Conway (macOS)" */ = {
			isa = XCConfigurationList;
			buildConfigurations = (
				EEF007D42649E93100ECE0AC /* Debug */,
				EEF007D52649E93100ECE0AC /* Release */,
			);
			defaultConfigurationIsVisible = 0;
			defaultConfigurationName = Release;
		};
/* End XCConfigurationList section */
	};
	rootObject = EEF007B02649E92F00ECE0AC /* Project object */;
}
